// !$*UTF8*$!
{
	archiveVersion = 1;
	classes = {
	};
	objectVersion = 50;
	objects = {

/* Begin PBXBuildFile section */
		2B76C47D216C6971000E59C7 /* AppDelegate.swift in Sources */ = {isa = PBXBuildFile; fileRef = 2B76C47C216C6971000E59C7 /* AppDelegate.swift */; };
		2B76C47F216C6971000E59C7 /* ViewController.swift in Sources */ = {isa = PBXBuildFile; fileRef = 2B76C47E216C6971000E59C7 /* ViewController.swift */; };
		2B76C482216C6971000E59C7 /* Main.storyboard in Resources */ = {isa = PBXBuildFile; fileRef = 2B76C480216C6971000E59C7 /* Main.storyboard */; };
		2B76C484216C6973000E59C7 /* Assets.xcassets in Resources */ = {isa = PBXBuildFile; fileRef = 2B76C483216C6973000E59C7 /* Assets.xcassets */; };
		2B76C487216C6973000E59C7 /* LaunchScreen.storyboard in Resources */ = {isa = PBXBuildFile; fileRef = 2B76C485216C6973000E59C7 /* LaunchScreen.storyboard */; };
		2B76C492216C6973000E59C7 /* GitHubClientAppTests.swift in Sources */ = {isa = PBXBuildFile; fileRef = 2B76C491216C6973000E59C7 /* GitHubClientAppTests.swift */; };
		2B76C49D216C6973000E59C7 /* GitHubClientAppUITests.swift in Sources */ = {isa = PBXBuildFile; fileRef = 2B76C49C216C6973000E59C7 /* GitHubClientAppUITests.swift */; };
/* End PBXBuildFile section */

/* Begin PBXContainerItemProxy section */
		2B76C48E216C6973000E59C7 /* PBXContainerItemProxy */ = {
			isa = PBXContainerItemProxy;
			containerPortal = 2B76C471216C6971000E59C7 /* Project object */;
			proxyType = 1;
			remoteGlobalIDString = 2B76C478216C6971000E59C7;
			remoteInfo = GitHubClientApp;
		};
		2B76C499216C6973000E59C7 /* PBXContainerItemProxy */ = {
			isa = PBXContainerItemProxy;
			containerPortal = 2B76C471216C6971000E59C7 /* Project object */;
			proxyType = 1;
			remoteGlobalIDString = 2B76C478216C6971000E59C7;
			remoteInfo = GitHubClientApp;
		};
/* End PBXContainerItemProxy section */

/* Begin PBXFileReference section */
		2B76C479216C6971000E59C7 /* GitHubClientApp.app */ = {isa = PBXFileReference; explicitFileType = wrapper.application; includeInIndex = 0; path = GitHubClientApp.app; sourceTree = BUILT_PRODUCTS_DIR; };
		2B76C47C216C6971000E59C7 /* AppDelegate.swift */ = {isa = PBXFileReference; lastKnownFileType = sourcecode.swift; path = AppDelegate.swift; sourceTree = "<group>"; };
		2B76C47E216C6971000E59C7 /* ViewController.swift */ = {isa = PBXFileReference; lastKnownFileType = sourcecode.swift; path = ViewController.swift; sourceTree = "<group>"; };
		2B76C481216C6971000E59C7 /* Base */ = {isa = PBXFileReference; lastKnownFileType = file.storyboard; name = Base; path = Base.lproj/Main.storyboard; sourceTree = "<group>"; };
		2B76C483216C6973000E59C7 /* Assets.xcassets */ = {isa = PBXFileReference; lastKnownFileType = folder.assetcatalog; path = Assets.xcassets; sourceTree = "<group>"; };
		2B76C486216C6973000E59C7 /* Base */ = {isa = PBXFileReference; lastKnownFileType = file.storyboard; name = Base; path = Base.lproj/LaunchScreen.storyboard; sourceTree = "<group>"; };
		2B76C488216C6973000E59C7 /* Info.plist */ = {isa = PBXFileReference; lastKnownFileType = text.plist.xml; path = Info.plist; sourceTree = "<group>"; };
		2B76C48D216C6973000E59C7 /* GitHubClientAppTests.xctest */ = {isa = PBXFileReference; explicitFileType = wrapper.cfbundle; includeInIndex = 0; path = GitHubClientAppTests.xctest; sourceTree = BUILT_PRODUCTS_DIR; };
		2B76C491216C6973000E59C7 /* GitHubClientAppTests.swift */ = {isa = PBXFileReference; lastKnownFileType = sourcecode.swift; path = GitHubClientAppTests.swift; sourceTree = "<group>"; };
		2B76C493216C6973000E59C7 /* Info.plist */ = {isa = PBXFileReference; lastKnownFileType = text.plist.xml; path = Info.plist; sourceTree = "<group>"; };
		2B76C498216C6973000E59C7 /* GitHubClientAppUITests.xctest */ = {isa = PBXFileReference; explicitFileType = wrapper.cfbundle; includeInIndex = 0; path = GitHubClientAppUITests.xctest; sourceTree = BUILT_PRODUCTS_DIR; };
		2B76C49C216C6973000E59C7 /* GitHubClientAppUITests.swift */ = {isa = PBXFileReference; lastKnownFileType = sourcecode.swift; path = GitHubClientAppUITests.swift; sourceTree = "<group>"; };
		2B76C49E216C6973000E59C7 /* Info.plist */ = {isa = PBXFileReference; lastKnownFileType = text.plist.xml; path = Info.plist; sourceTree = "<group>"; };
/* End PBXFileReference section */

/* Begin PBXFrameworksBuildPhase section */
		2B76C476216C6971000E59C7 /* Frameworks */ = {
			isa = PBXFrameworksBuildPhase;
			buildActionMask = 2147483647;
			files = (
			);
			runOnlyForDeploymentPostprocessing = 0;
		};
		2B76C48A216C6973000E59C7 /* Frameworks */ = {
			isa = PBXFrameworksBuildPhase;
			buildActionMask = 2147483647;
			files = (
			);
			runOnlyForDeploymentPostprocessing = 0;
		};
		2B76C495216C6973000E59C7 /* Frameworks */ = {
			isa = PBXFrameworksBuildPhase;
			buildActionMask = 2147483647;
			files = (
			);
			runOnlyForDeploymentPostprocessing = 0;
		};
/* End PBXFrameworksBuildPhase section */

/* Begin PBXGroup section */
		2B76C470216C6971000E59C7 = {
			isa = PBXGroup;
			children = (
				2B76C47B216C6971000E59C7 /* GitHubClientApp */,
				2B76C490216C6973000E59C7 /* GitHubClientAppTests */,
				2B76C49B216C6973000E59C7 /* GitHubClientAppUITests */,
				2B76C47A216C6971000E59C7 /* Products */,
			);
			sourceTree = "<group>";
		};
		2B76C47A216C6971000E59C7 /* Products */ = {
			isa = PBXGroup;
			children = (
				2B76C479216C6971000E59C7 /* GitHubClientApp.app */,
				2B76C48D216C6973000E59C7 /* GitHubClientAppTests.xctest */,
				2B76C498216C6973000E59C7 /* GitHubClientAppUITests.xctest */,
			);
			name = Products;
			sourceTree = "<group>";
		};
		2B76C47B216C6971000E59C7 /* GitHubClientApp */ = {
			isa = PBXGroup;
			children = (
				2B76C4AA216C698E000E59C7 /* Resources */,
				2B76C4AB216C699A000E59C7 /* Sources */,
			);
			path = GitHubClientApp;
			sourceTree = "<group>";
		};
		2B76C490216C6973000E59C7 /* GitHubClientAppTests */ = {
			isa = PBXGroup;
			children = (
				2B76C491216C6973000E59C7 /* GitHubClientAppTests.swift */,
				2B76C493216C6973000E59C7 /* Info.plist */,
			);
			path = GitHubClientAppTests;
			sourceTree = "<group>";
		};
		2B76C49B216C6973000E59C7 /* GitHubClientAppUITests */ = {
			isa = PBXGroup;
			children = (
				2B76C49C216C6973000E59C7 /* GitHubClientAppUITests.swift */,
				2B76C49E216C6973000E59C7 /* Info.plist */,
			);
			path = GitHubClientAppUITests;
			sourceTree = "<group>";
		};
		2B76C4AA216C698E000E59C7 /* Resources */ = {
			isa = PBXGroup;
			children = (
				2B76C483216C6973000E59C7 /* Assets.xcassets */,
				2B76C485216C6973000E59C7 /* LaunchScreen.storyboard */,
				2B76C488216C6973000E59C7 /* Info.plist */,
			);
			path = Resources;
			sourceTree = "<group>";
		};
		2B76C4AB216C699A000E59C7 /* Sources */ = {
			isa = PBXGroup;
			children = (
				2B76C47C216C6971000E59C7 /* AppDelegate.swift */,
				2B76C47E216C6971000E59C7 /* ViewController.swift */,
				2B76C480216C6971000E59C7 /* Main.storyboard */,
			);
			path = Sources;
			sourceTree = "<group>";
		};
/* End PBXGroup section */

/* Begin PBXNativeTarget section */
		2B76C478216C6971000E59C7 /* GitHubClientApp */ = {
			isa = PBXNativeTarget;
			buildConfigurationList = 2B76C4A1216C6973000E59C7 /* Build configuration list for PBXNativeTarget "GitHubClientApp" */;
			buildPhases = (
				2B76C475216C6971000E59C7 /* Sources */,
				2B76C476216C6971000E59C7 /* Frameworks */,
				2B76C477216C6971000E59C7 /* Resources */,
			);
			buildRules = (
			);
			dependencies = (
			);
			name = GitHubClientApp;
			productName = GitHubClientApp;
			productReference = 2B76C479216C6971000E59C7 /* GitHubClientApp.app */;
			productType = "com.apple.product-type.application";
		};
		2B76C48C216C6973000E59C7 /* GitHubClientAppTests */ = {
			isa = PBXNativeTarget;
			buildConfigurationList = 2B76C4A4216C6973000E59C7 /* Build configuration list for PBXNativeTarget "GitHubClientAppTests" */;
			buildPhases = (
				2B76C489216C6973000E59C7 /* Sources */,
				2B76C48A216C6973000E59C7 /* Frameworks */,
				2B76C48B216C6973000E59C7 /* Resources */,
			);
			buildRules = (
			);
			dependencies = (
				2B76C48F216C6973000E59C7 /* PBXTargetDependency */,
			);
			name = GitHubClientAppTests;
			productName = GitHubClientAppTests;
			productReference = 2B76C48D216C6973000E59C7 /* GitHubClientAppTests.xctest */;
			productType = "com.apple.product-type.bundle.unit-test";
		};
		2B76C497216C6973000E59C7 /* GitHubClientAppUITests */ = {
			isa = PBXNativeTarget;
			buildConfigurationList = 2B76C4A7216C6973000E59C7 /* Build configuration list for PBXNativeTarget "GitHubClientAppUITests" */;
			buildPhases = (
				2B76C494216C6973000E59C7 /* Sources */,
				2B76C495216C6973000E59C7 /* Frameworks */,
				2B76C496216C6973000E59C7 /* Resources */,
			);
			buildRules = (
			);
			dependencies = (
				2B76C49A216C6973000E59C7 /* PBXTargetDependency */,
			);
			name = GitHubClientAppUITests;
			productName = GitHubClientAppUITests;
			productReference = 2B76C498216C6973000E59C7 /* GitHubClientAppUITests.xctest */;
			productType = "com.apple.product-type.bundle.ui-testing";
		};
/* End PBXNativeTarget section */

/* Begin PBXProject section */
		2B76C471216C6971000E59C7 /* Project object */ = {
			isa = PBXProject;
			attributes = {
				LastSwiftUpdateCheck = 1000;
				LastUpgradeCheck = 1000;
				ORGANIZATIONNAME = "Satoshi Komatsu";
				TargetAttributes = {
					2B76C478216C6971000E59C7 = {
						CreatedOnToolsVersion = 10.0;
					};
					2B76C48C216C6973000E59C7 = {
						CreatedOnToolsVersion = 10.0;
						TestTargetID = 2B76C478216C6971000E59C7;
					};
					2B76C497216C6973000E59C7 = {
						CreatedOnToolsVersion = 10.0;
						TestTargetID = 2B76C478216C6971000E59C7;
					};
				};
			};
			buildConfigurationList = 2B76C474216C6971000E59C7 /* Build configuration list for PBXProject "GitHubClientApp" */;
			compatibilityVersion = "Xcode 9.3";
			developmentRegion = en;
			hasScannedForEncodings = 0;
			knownRegions = (
				en,
				Base,
			);
			mainGroup = 2B76C470216C6971000E59C7;
			productRefGroup = 2B76C47A216C6971000E59C7 /* Products */;
			projectDirPath = "";
			projectRoot = "";
			targets = (
				2B76C478216C6971000E59C7 /* GitHubClientApp */,
				2B76C48C216C6973000E59C7 /* GitHubClientAppTests */,
				2B76C497216C6973000E59C7 /* GitHubClientAppUITests */,
			);
		};
/* End PBXProject section */

/* Begin PBXResourcesBuildPhase section */
		2B76C477216C6971000E59C7 /* Resources */ = {
			isa = PBXResourcesBuildPhase;
			buildActionMask = 2147483647;
			files = (
				2B76C487216C6973000E59C7 /* LaunchScreen.storyboard in Resources */,
				2B76C484216C6973000E59C7 /* Assets.xcassets in Resources */,
				2B76C482216C6971000E59C7 /* Main.storyboard in Resources */,
			);
			runOnlyForDeploymentPostprocessing = 0;
		};
		2B76C48B216C6973000E59C7 /* Resources */ = {
			isa = PBXResourcesBuildPhase;
			buildActionMask = 2147483647;
			files = (
			);
			runOnlyForDeploymentPostprocessing = 0;
		};
		2B76C496216C6973000E59C7 /* Resources */ = {
			isa = PBXResourcesBuildPhase;
			buildActionMask = 2147483647;
			files = (
			);
			runOnlyForDeploymentPostprocessing = 0;
		};
/* End PBXResourcesBuildPhase section */

/* Begin PBXSourcesBuildPhase section */
		2B76C475216C6971000E59C7 /* Sources */ = {
			isa = PBXSourcesBuildPhase;
			buildActionMask = 2147483647;
			files = (
				2B76C47F216C6971000E59C7 /* ViewController.swift in Sources */,
				2B76C47D216C6971000E59C7 /* AppDelegate.swift in Sources */,
			);
			runOnlyForDeploymentPostprocessing = 0;
		};
		2B76C489216C6973000E59C7 /* Sources */ = {
			isa = PBXSourcesBuildPhase;
			buildActionMask = 2147483647;
			files = (
				2B76C492216C6973000E59C7 /* GitHubClientAppTests.swift in Sources */,
			);
			runOnlyForDeploymentPostprocessing = 0;
		};
		2B76C494216C6973000E59C7 /* Sources */ = {
			isa = PBXSourcesBuildPhase;
			buildActionMask = 2147483647;
			files = (
				2B76C49D216C6973000E59C7 /* GitHubClientAppUITests.swift in Sources */,
			);
			runOnlyForDeploymentPostprocessing = 0;
		};
/* End PBXSourcesBuildPhase section */

/* Begin PBXTargetDependency section */
		2B76C48F216C6973000E59C7 /* PBXTargetDependency */ = {
			isa = PBXTargetDependency;
			target = 2B76C478216C6971000E59C7 /* GitHubClientApp */;
			targetProxy = 2B76C48E216C6973000E59C7 /* PBXContainerItemProxy */;
		};
		2B76C49A216C6973000E59C7 /* PBXTargetDependency */ = {
			isa = PBXTargetDependency;
			target = 2B76C478216C6971000E59C7 /* GitHubClientApp */;
			targetProxy = 2B76C499216C6973000E59C7 /* PBXContainerItemProxy */;
		};
/* End PBXTargetDependency section */

/* Begin PBXVariantGroup section */
		2B76C480216C6971000E59C7 /* Main.storyboard */ = {
			isa = PBXVariantGroup;
			children = (
				2B76C481216C6971000E59C7 /* Base */,
			);
			name = Main.storyboard;
			sourceTree = "<group>";
		};
		2B76C485216C6973000E59C7 /* LaunchScreen.storyboard */ = {
			isa = PBXVariantGroup;
			children = (
				2B76C486216C6973000E59C7 /* Base */,
			);
			name = LaunchScreen.storyboard;
			sourceTree = "<group>";
		};
/* End PBXVariantGroup section */

/* Begin XCBuildConfiguration section */
		2B76C49F216C6973000E59C7 /* Debug */ = {
			isa = XCBuildConfiguration;
			buildSettings = {
				ALWAYS_SEARCH_USER_PATHS = NO;
				CLANG_ANALYZER_NONNULL = YES;
				CLANG_ANALYZER_NUMBER_OBJECT_CONVERSION = YES_AGGRESSIVE;
				CLANG_CXX_LANGUAGE_STANDARD = "gnu++14";
				CLANG_CXX_LIBRARY = "libc++";
				CLANG_ENABLE_MODULES = YES;
				CLANG_ENABLE_OBJC_ARC = YES;
				CLANG_ENABLE_OBJC_WEAK = YES;
				CLANG_WARN_BLOCK_CAPTURE_AUTORELEASING = YES;
				CLANG_WARN_BOOL_CONVERSION = YES;
				CLANG_WARN_COMMA = YES;
				CLANG_WARN_CONSTANT_CONVERSION = YES;
				CLANG_WARN_DEPRECATED_OBJC_IMPLEMENTATIONS = YES;
				CLANG_WARN_DIRECT_OBJC_ISA_USAGE = YES_ERROR;
				CLANG_WARN_DOCUMENTATION_COMMENTS = YES;
				CLANG_WARN_EMPTY_BODY = YES;
				CLANG_WARN_ENUM_CONVERSION = YES;
				CLANG_WARN_INFINITE_RECURSION = YES;
				CLANG_WARN_INT_CONVERSION = YES;
				CLANG_WARN_NON_LITERAL_NULL_CONVERSION = YES;
				CLANG_WARN_OBJC_IMPLICIT_RETAIN_SELF = YES;
				CLANG_WARN_OBJC_LITERAL_CONVERSION = YES;
				CLANG_WARN_OBJC_ROOT_CLASS = YES_ERROR;
				CLANG_WARN_RANGE_LOOP_ANALYSIS = YES;
				CLANG_WARN_STRICT_PROTOTYPES = YES;
				CLANG_WARN_SUSPICIOUS_MOVE = YES;
				CLANG_WARN_UNGUARDED_AVAILABILITY = YES_AGGRESSIVE;
				CLANG_WARN_UNREACHABLE_CODE = YES;
				CLANG_WARN__DUPLICATE_METHOD_MATCH = YES;
				CODE_SIGN_IDENTITY = "iPhone Developer";
				COPY_PHASE_STRIP = NO;
				DEBUG_INFORMATION_FORMAT = dwarf;
				ENABLE_STRICT_OBJC_MSGSEND = YES;
				ENABLE_TESTABILITY = YES;
				GCC_C_LANGUAGE_STANDARD = gnu11;
				GCC_DYNAMIC_NO_PIC = NO;
				GCC_NO_COMMON_BLOCKS = YES;
				GCC_OPTIMIZATION_LEVEL = 0;
				GCC_PREPROCESSOR_DEFINITIONS = (
					"DEBUG=1",
					"$(inherited)",
				);
				GCC_WARN_64_TO_32_BIT_CONVERSION = YES;
				GCC_WARN_ABOUT_RETURN_TYPE = YES_ERROR;
				GCC_WARN_UNDECLARED_SELECTOR = YES;
				GCC_WARN_UNINITIALIZED_AUTOS = YES_AGGRESSIVE;
				GCC_WARN_UNUSED_FUNCTION = YES;
				GCC_WARN_UNUSED_VARIABLE = YES;
				IPHONEOS_DEPLOYMENT_TARGET = 12.0;
				MTL_ENABLE_DEBUG_INFO = INCLUDE_SOURCE;
				MTL_FAST_MATH = YES;
				ONLY_ACTIVE_ARCH = YES;
				SDKROOT = iphoneos;
				SWIFT_ACTIVE_COMPILATION_CONDITIONS = DEBUG;
				SWIFT_OPTIMIZATION_LEVEL = "-Onone";
			};
			name = Debug;
		};
		2B76C4A0216C6973000E59C7 /* Release */ = {
			isa = XCBuildConfiguration;
			buildSettings = {
				ALWAYS_SEARCH_USER_PATHS = NO;
				CLANG_ANALYZER_NONNULL = YES;
				CLANG_ANALYZER_NUMBER_OBJECT_CONVERSION = YES_AGGRESSIVE;
				CLANG_CXX_LANGUAGE_STANDARD = "gnu++14";
				CLANG_CXX_LIBRARY = "libc++";
				CLANG_ENABLE_MODULES = YES;
				CLANG_ENABLE_OBJC_ARC = YES;
				CLANG_ENABLE_OBJC_WEAK = YES;
				CLANG_WARN_BLOCK_CAPTURE_AUTORELEASING = YES;
				CLANG_WARN_BOOL_CONVERSION = YES;
				CLANG_WARN_COMMA = YES;
				CLANG_WARN_CONSTANT_CONVERSION = YES;
				CLANG_WARN_DEPRECATED_OBJC_IMPLEMENTATIONS = YES;
				CLANG_WARN_DIRECT_OBJC_ISA_USAGE = YES_ERROR;
				CLANG_WARN_DOCUMENTATION_COMMENTS = YES;
				CLANG_WARN_EMPTY_BODY = YES;
				CLANG_WARN_ENUM_CONVERSION = YES;
				CLANG_WARN_INFINITE_RECURSION = YES;
				CLANG_WARN_INT_CONVERSION = YES;
				CLANG_WARN_NON_LITERAL_NULL_CONVERSION = YES;
				CLANG_WARN_OBJC_IMPLICIT_RETAIN_SELF = YES;
				CLANG_WARN_OBJC_LITERAL_CONVERSION = YES;
				CLANG_WARN_OBJC_ROOT_CLASS = YES_ERROR;
				CLANG_WARN_RANGE_LOOP_ANALYSIS = YES;
				CLANG_WARN_STRICT_PROTOTYPES = YES;
				CLANG_WARN_SUSPICIOUS_MOVE = YES;
				CLANG_WARN_UNGUARDED_AVAILABILITY = YES_AGGRESSIVE;
				CLANG_WARN_UNREACHABLE_CODE = YES;
				CLANG_WARN__DUPLICATE_METHOD_MATCH = YES;
				CODE_SIGN_IDENTITY = "iPhone Developer";
				COPY_PHASE_STRIP = NO;
				DEBUG_INFORMATION_FORMAT = "dwarf-with-dsym";
				ENABLE_NS_ASSERTIONS = NO;
				ENABLE_STRICT_OBJC_MSGSEND = YES;
				GCC_C_LANGUAGE_STANDARD = gnu11;
				GCC_NO_COMMON_BLOCKS = YES;
				GCC_WARN_64_TO_32_BIT_CONVERSION = YES;
				GCC_WARN_ABOUT_RETURN_TYPE = YES_ERROR;
				GCC_WARN_UNDECLARED_SELECTOR = YES;
				GCC_WARN_UNINITIALIZED_AUTOS = YES_AGGRESSIVE;
				GCC_WARN_UNUSED_FUNCTION = YES;
				GCC_WARN_UNUSED_VARIABLE = YES;
				IPHONEOS_DEPLOYMENT_TARGET = 12.0;
				MTL_ENABLE_DEBUG_INFO = NO;
				MTL_FAST_MATH = YES;
				SDKROOT = iphoneos;
				SWIFT_COMPILATION_MODE = wholemodule;
				SWIFT_OPTIMIZATION_LEVEL = "-O";
				VALIDATE_PRODUCT = YES;
			};
			name = Release;
		};
		2B76C4A2216C6973000E59C7 /* Debug */ = {
			isa = XCBuildConfiguration;
			buildSettings = {
				ASSETCATALOG_COMPILER_APPICON_NAME = AppIcon;
				CODE_SIGN_STYLE = Automatic;
				DEVELOPMENT_TEAM = 56787CM63P;
				INFOPLIST_FILE = GitHubClientApp/Resources/Info.plist;
				LD_RUNPATH_SEARCH_PATHS = (
					"$(inherited)",
					"@executable_path/Frameworks",
				);
				PRODUCT_BUNDLE_IDENTIFIER = tosh7.GitHubClientApp;
				PRODUCT_NAME = "$(TARGET_NAME)";
				SWIFT_VERSION = 4.2;
				TARGETED_DEVICE_FAMILY = "1,2";
			};
			name = Debug;
		};
		2B76C4A3216C6973000E59C7 /* Release */ = {
			isa = XCBuildConfiguration;
			buildSettings = {
				ASSETCATALOG_COMPILER_APPICON_NAME = AppIcon;
				CODE_SIGN_STYLE = Automatic;
				DEVELOPMENT_TEAM = 56787CM63P;
				INFOPLIST_FILE = GitHubClientApp/Resources/Info.plist;
				LD_RUNPATH_SEARCH_PATHS = (
					"$(inherited)",
					"@executable_path/Frameworks",
				);
				PRODUCT_BUNDLE_IDENTIFIER = tosh7.GitHubClientApp;
				PRODUCT_NAME = "$(TARGET_NAME)";
				SWIFT_VERSION = 4.2;
				TARGETED_DEVICE_FAMILY = "1,2";
			};
			name = Release;
		};
		2B76C4A5216C6973000E59C7 /* Debug */ = {
			isa = XCBuildConfiguration;
			buildSettings = {
				ALWAYS_EMBED_SWIFT_STANDARD_LIBRARIES = YES;
				BUNDLE_LOADER = "$(TEST_HOST)";
				CODE_SIGN_STYLE = Automatic;
				INFOPLIST_FILE = GitHubClientAppTests/Info.plist;
				LD_RUNPATH_SEARCH_PATHS = (
					"$(inherited)",
					"@executable_path/Frameworks",
					"@loader_path/Frameworks",
				);
				PRODUCT_BUNDLE_IDENTIFIER = tosh7.GitHubClientAppTests;
				PRODUCT_NAME = "$(TARGET_NAME)";
				SWIFT_VERSION = 4.2;
				TARGETED_DEVICE_FAMILY = "1,2";
				TEST_HOST = "$(BUILT_PRODUCTS_DIR)/GitHubClientApp.app/GitHubClientApp";
			};
			name = Debug;
		};
		2B76C4A6216C6973000E59C7 /* Release */ = {
			isa = XCBuildConfiguration;
			buildSettings = {
				ALWAYS_EMBED_SWIFT_STANDARD_LIBRARIES = YES;
				BUNDLE_LOADER = "$(TEST_HOST)";
				CODE_SIGN_STYLE = Automatic;
				INFOPLIST_FILE = GitHubClientAppTests/Info.plist;
				LD_RUNPATH_SEARCH_PATHS = (
					"$(inherited)",
					"@executable_path/Frameworks",
					"@loader_path/Frameworks",
				);
				PRODUCT_BUNDLE_IDENTIFIER = tosh7.GitHubClientAppTests;
				PRODUCT_NAME = "$(TARGET_NAME)";
				SWIFT_VERSION = 4.2;
				TARGETED_DEVICE_FAMILY = "1,2";
				TEST_HOST = "$(BUILT_PRODUCTS_DIR)/GitHubClientApp.app/GitHubClientApp";
			};
			name = Release;
		};
		2B76C4A8216C6973000E59C7 /* Debug */ = {
			isa = XCBuildConfiguration;
			buildSettings = {
				ALWAYS_EMBED_SWIFT_STANDARD_LIBRARIES = YES;
				CODE_SIGN_STYLE = Automatic;
				INFOPLIST_FILE = GitHubClientAppUITests/Info.plist;
				LD_RUNPATH_SEARCH_PATHS = (
					"$(inherited)",
					"@executable_path/Frameworks",
					"@loader_path/Frameworks",
				);
				PRODUCT_BUNDLE_IDENTIFIER = tosh7.GitHubClientAppUITests;
				PRODUCT_NAME = "$(TARGET_NAME)";
				SWIFT_VERSION = 4.2;
				TARGETED_DEVICE_FAMILY = "1,2";
				TEST_TARGET_NAME = GitHubClientApp;
			};
			name = Debug;
		};
		2B76C4A9216C6973000E59C7 /* Release */ = {
			isa = XCBuildConfiguration;
			buildSettings = {
				ALWAYS_EMBED_SWIFT_STANDARD_LIBRARIES = YES;
				CODE_SIGN_STYLE = Automatic;
				INFOPLIST_FILE = GitHubClientAppUITests/Info.plist;
				LD_RUNPATH_SEARCH_PATHS = (
					"$(inherited)",
					"@executable_path/Frameworks",
					"@loader_path/Frameworks",
				);
				PRODUCT_BUNDLE_IDENTIFIER = tosh7.GitHubClientAppUITests;
				PRODUCT_NAME = "$(TARGET_NAME)";
				SWIFT_VERSION = 4.2;
				TARGETED_DEVICE_FAMILY = "1,2";
				TEST_TARGET_NAME = GitHubClientApp;
			};
			name = Release;
		};
/* End XCBuildConfiguration section */

/* Begin XCConfigurationList section */
		2B76C474216C6971000E59C7 /* Build configuration list for PBXProject "GitHubClientApp" */ = {
			isa = XCConfigurationList;
			buildConfigurations = (
				2B76C49F216C6973000E59C7 /* Debug */,
				2B76C4A0216C6973000E59C7 /* Release */,
			);
			defaultConfigurationIsVisible = 0;
			defaultConfigurationName = Release;
		};
		2B76C4A1216C6973000E59C7 /* Build configuration list for PBXNativeTarget "GitHubClientApp" */ = {
			isa = XCConfigurationList;
			buildConfigurations = (
				2B76C4A2216C6973000E59C7 /* Debug */,
				2B76C4A3216C6973000E59C7 /* Release */,
			);
			defaultConfigurationIsVisible = 0;
			defaultConfigurationName = Release;
		};
		2B76C4A4216C6973000E59C7 /* Build configuration list for PBXNativeTarget "GitHubClientAppTests" */ = {
			isa = XCConfigurationList;
			buildConfigurations = (
				2B76C4A5216C6973000E59C7 /* Debug */,
				2B76C4A6216C6973000E59C7 /* Release */,
			);
			defaultConfigurationIsVisible = 0;
			defaultConfigurationName = Release;
		};
		2B76C4A7216C6973000E59C7 /* Build configuration list for PBXNativeTarget "GitHubClientAppUITests" */ = {
			isa = XCConfigurationList;
			buildConfigurations = (
				2B76C4A8216C6973000E59C7 /* Debug */,
				2B76C4A9216C6973000E59C7 /* Release */,
			);
			defaultConfigurationIsVisible = 0;
			defaultConfigurationName = Release;
		};
/* End XCConfigurationList section */
	};
	rootObject = 2B76C471216C6971000E59C7 /* Project object */;
}
